
Microsoft Visual Studio Solution File, Format Version 12.00
# Visual Studio Version 17
VisualStudioVersion = 17.11.35222.181
MinimumVisualStudioVersion = 10.0.40219.1
Project("{888888A0-9F3D-457C-B088-3A5042F75D52}") = "TeamProjPython", "TeamProjPython.pyproj", "{3DED0966-EBD7-445B-A126-CC3CBE421B61}"
EndProject
Global
	GlobalSection(SolutionConfigurationPlatforms) = preSolution
		Debug|Any CPU = Debug|Any CPU
		Release|Any CPU = Release|Any CPU
	EndGlobalSection
	GlobalSection(ProjectConfigurationPlatforms) = postSolution
		{3DED0966-EBD7-445B-A126-CC3CBE421B61}.Debug|Any CPU.ActiveCfg = Debug|Any CPU
		{3DED0966-EBD7-445B-A126-CC3CBE421B61}.Release|Any CPU.ActiveCfg = Release|Any CPU
	EndGlobalSection
	GlobalSection(SolutionProperties) = preSolution
		HideSolutionNode = FALSE
	EndGlobalSection
	GlobalSection(ExtensibilityGlobals) = postSolution
		SolutionGuid = {BF3C7CB8-D5F1-4218-B95E-595525FDAE66}
	EndGlobalSection
EndGlobal
